
Microsoft Visual Studio Solution File, Format Version 12.00
# Visual Studio Version 16
VisualStudioVersion = 16.0.29326.143
MinimumVisualStudioVersion = 10.0.40219.1
Project("{FAE04EC0-301F-11D3-BF4B-00C04F79EFBC}") = "Pllayer on a time", "Pllayer on a time.csproj", "{88E8BBF5-EAAF-41FD-99CB-2BA3349B5800}"
EndProject
Project("{54435603-DBB4-11D2-8724-00A0C9A8B90C}") = "Setup", "..\Setup\Setup.vdproj", "{4626CA87-AB84-408A-8154-D12CD6A2844F}"
EndProject
Global
	GlobalSection(SolutionConfigurationPlatforms) = preSolution
		Debug|Any CPU = Debug|Any CPU
		Release|Any CPU = Release|Any CPU
	EndGlobalSection
	GlobalSection(ProjectConfigurationPlatforms) = postSolution
		{88E8BBF5-EAAF-41FD-99CB-2BA3349B5800}.Debug|Any CPU.ActiveCfg = Debug|Any CPU
		{88E8BBF5-EAAF-41FD-99CB-2BA3349B5800}.Debug|Any CPU.Build.0 = Debug|Any CPU
		{88E8BBF5-EAAF-41FD-99CB-2BA3349B5800}.Release|Any CPU.ActiveCfg = Release|Any CPU
		{88E8BBF5-EAAF-41FD-99CB-2BA3349B5800}.Release|Any CPU.Build.0 = Release|Any CPU
		{4626CA87-AB84-408A-8154-D12CD6A2844F}.Debug|Any CPU.ActiveCfg = Debug
		{4626CA87-AB84-408A-8154-D12CD6A2844F}.Release|Any CPU.ActiveCfg = Release
	EndGlobalSection
	GlobalSection(SolutionProperties) = preSolution
		HideSolutionNode = FALSE
	EndGlobalSection
	GlobalSection(ExtensibilityGlobals) = postSolution
		SolutionGuid = {44DE9C6A-A847-4F1C-BF22-6219DF4011A8}
	EndGlobalSection
EndGlobal
